
Microsoft Visual Studio Solution File, Format Version 12.00
# Visual Studio Version 17
VisualStudioVersion = 17.5.002.0
MinimumVisualStudioVersion = 10.0.40219.1
Project("{9A19103F-16F7-4668-BE54-9A1E7A4F7556}") = "Exercicio1", "Exercicio1\Exercicio1.csproj", "{6568B0F4-943D-4CA4-B5AE-2C98BDA70F86}"
EndProject
Global
	GlobalSection(SolutionConfigurationPlatforms) = preSolution
		Debug|Any CPU = Debug|Any CPU
		Release|Any CPU = Release|Any CPU
	EndGlobalSection
	GlobalSection(ProjectConfigurationPlatforms) = postSolution
		{6568B0F4-943D-4CA4-B5AE-2C98BDA70F86}.Debug|Any CPU.ActiveCfg = Debug|Any CPU
		{6568B0F4-943D-4CA4-B5AE-2C98BDA70F86}.Debug|Any CPU.Build.0 = Debug|Any CPU
		{6568B0F4-943D-4CA4-B5AE-2C98BDA70F86}.Release|Any CPU.ActiveCfg = Release|Any CPU
		{6568B0F4-943D-4CA4-B5AE-2C98BDA70F86}.Release|Any CPU.Build.0 = Release|Any CPU
	EndGlobalSection
	GlobalSection(SolutionProperties) = preSolution
		HideSolutionNode = FALSE
	EndGlobalSection
	GlobalSection(ExtensibilityGlobals) = postSolution
		SolutionGuid = {D62B5D0C-37A3-4E28-8FB2-8925B53A5A48}
	EndGlobalSection
EndGlobal
